// !$*UTF8*$!
{
	archiveVersion = 1;
	classes = {
	};
	objectVersion = 77;
	objects = {

/* Begin PBXBuildFile section */
		0709B9D315755E7B821D9759 /* ContentView.swift in Sources */ = {isa = PBXBuildFile; fileRef = E49B8BFD4899D49213E66351 /* ContentView.swift */; };
		07C2BDC5F804560334745C92 /* AppPreferencesStore.swift in Sources */ = {isa = PBXBuildFile; fileRef = 503BBC4DD5B21F5ECED685E0 /* AppPreferencesStore.swift */; };
		0DF6929B04472606F7C7EDDC /* MoonshineTranscriptionEngine.swift in Sources */ = {isa = PBXBuildFile; fileRef = 85E835717ECB88AAACA6F533 /* MoonshineTranscriptionEngine.swift */; };
		245567B8CBC094F80F02B58F /* GeneralSettingsSection.swift in Sources */ = {isa = PBXBuildFile; fileRef = 32E418D7A24E08C08491EF15 /* GeneralSettingsSection.swift */; };
		264ECB25F8FA5A0DED8C9211 /* LexiconSettingsSection.swift in Sources */ = {isa = PBXBuildFile; fileRef = 2177B807BD48BC2FFA77E338 /* LexiconSettingsSection.swift */; };
		27493BD1853075D33A0CFFF3 /* RecordTab.swift in Sources */ = {isa = PBXBuildFile; fileRef = 817D56913A47A7C1B7F4E1AC /* RecordTab.swift */; };
		36311BEA0ED488DD47320311 /* MenuBarController.swift in Sources */ = {isa = PBXBuildFile; fileRef = E83CDEC66946DDEA4016486C /* MenuBarController.swift */; };
		3954905D48D9694B5AD15CA1 /* DesignSystem.swift in Sources */ = {isa = PBXBuildFile; fileRef = F5E3CFF58F84067504E28FEE /* DesignSystem.swift */; };
		3D6A963644F74BD6FEBF12E6 /* AppPreferences.swift in Sources */ = {isa = PBXBuildFile; fileRef = 8E9C738EC5EC5D7742779E11 /* AppPreferences.swift */; };
		4CA3BA716E0C4157E57A3389 /* DictationController.swift in Sources */ = {isa = PBXBuildFile; fileRef = 76C673E1CF2425F674F77B93 /* DictationController.swift */; };
		4F14AEC41A87ED2E2CDCBC3D /* Assets.xcassets in Resources */ = {isa = PBXBuildFile; fileRef = FBF74434C602C47E5BAA6CED /* Assets.xcassets */; };
		5C98414E6167A3E1644D9675 /* MediaSettingsSection.swift in Sources */ = {isa = PBXBuildFile; fileRef = EF2DF3F8469ADD232637074D /* MediaSettingsSection.swift */; };
		666CED5D1B1BDC82D890868D /* InsertionSettingsSection.swift in Sources */ = {isa = PBXBuildFile; fileRef = 4E9DDB03CD07D68D28BB84FA /* InsertionSettingsSection.swift */; };
		6DA49FB9CCA842FA4B2688C0 /* MurmurApp.swift in Sources */ = {isa = PBXBuildFile; fileRef = ED35761EBF7EF881FA0E7BB9 /* MurmurApp.swift */; };
		7933EFA84D87FF272CD828FF /* RecordingSettingsSection.swift in Sources */ = {isa = PBXBuildFile; fileRef = 2BF6309BCDF40A43F0B6F346 /* RecordingSettingsSection.swift */; };
		81052E34ADEB26905192E8E8 /* EngineSettingsSection.swift in Sources */ = {isa = PBXBuildFile; fileRef = 90B0463C56380A87A3E1E1E3 /* EngineSettingsSection.swift */; };
		92E4016D915EA080EA0823A4 /* Moonshine in Frameworks */ = {isa = PBXBuildFile; productRef = 984D0655095F89905E6C1958 /* Moonshine */; };
		934DF3B64D737016D90FE8F1 /* MoonshineModelDownloader.swift in Sources */ = {isa = PBXBuildFile; fileRef = D1DD1C5DC5A3FC0F57117A2F /* MoonshineModelDownloader.swift */; };
		9DE98C401B8D23CB83F68936 /* PermissionStatusCard.swift in Sources */ = {isa = PBXBuildFile; fileRef = 26A7AF1055CC2A35325E2AF1 /* PermissionStatusCard.swift */; };
		A8AA1229E3C64BAE6ADDBF42 /* MicButton.swift in Sources */ = {isa = PBXBuildFile; fileRef = 77DF238976E9724806EB9944 /* MicButton.swift */; };
		AE880C230D5A0FEF2FEED91F /* MoonshineModelConfiguration.swift in Sources */ = {isa = PBXBuildFile; fileRef = 3AC1F113D50660867E4D6AC1 /* MoonshineModelConfiguration.swift */; };
		B06B10DCB1CE55AC401F2664 /* LaunchAtLoginService.swift in Sources */ = {isa = PBXBuildFile; fileRef = 9F6709976D17515D5A759678 /* LaunchAtLoginService.swift */; };
		B9C1CC0845A48FBA9EDE519D /* SnippetsSettingsSection.swift in Sources */ = {isa = PBXBuildFile; fileRef = 840AEE16DB41D6BB90B39A4F /* SnippetsSettingsSection.swift */; };
		BC39EA47F353B7C2BB07F603 /* SettingsView.swift in Sources */ = {isa = PBXBuildFile; fileRef = 99486AEF2732F6BD0B3E78A2 /* SettingsView.swift */; };
		BCB15D5D18379067E27BD080 /* HistoryView.swift in Sources */ = {isa = PBXBuildFile; fileRef = D27A12BC8571A95EEB82D9BA /* HistoryView.swift */; };
		C21DEAD9149F34DA56C755C6 /* PermissionDiagnostics.swift in Sources */ = {isa = PBXBuildFile; fileRef = BAE33980099CD1A9A7BA12CA /* PermissionDiagnostics.swift */; };
		CCA6160297EC5A1677B8106D /* MurmurKit in Frameworks */ = {isa = PBXBuildFile; productRef = 7E5A870AA24834D2C5AF68DA /* MurmurKit */; };
		DA1D400D4473F9F36F047E4D /* CleanupStyleSettingsSection.swift in Sources */ = {isa = PBXBuildFile; fileRef = FBA2244680F065F78F721DBB /* CleanupStyleSettingsSection.swift */; };
		E9D7058B8E1546F375F1FE47 /* PermissionsSettingsSection.swift in Sources */ = {isa = PBXBuildFile; fileRef = 6EFDC0E4D5D3AF58AF8A1B50 /* PermissionsSettingsSection.swift */; };
		EF2AA72A368000E949F08DF6 /* MoonshineStreamingSession.swift in Sources */ = {isa = PBXBuildFile; fileRef = 1EA04689123846117B5933D6 /* MoonshineStreamingSession.swift */; };
		F836AB23661F014B05BA9F2F /* OnboardingView.swift in Sources */ = {isa = PBXBuildFile; fileRef = 5FBD1FE5F80F062DB789E32A /* OnboardingView.swift */; };
		FAB8E9D01585467FB11EF8C9 /* HistoryTab.swift in Sources */ = {isa = PBXBuildFile; fileRef = C21A0CDFB2E505B479A32C68 /* HistoryTab.swift */; };
		FBC13F384FE3B21264C7E63A /* SettingsViewHelpers.swift in Sources */ = {isa = PBXBuildFile; fileRef = 7C25C864434435186E8C299D /* SettingsViewHelpers.swift */; };
/* End PBXBuildFile section */

/* Begin PBXFileReference section */
		1EA04689123846117B5933D6 /* MoonshineStreamingSession.swift */ = {isa = PBXFileReference; lastKnownFileType = sourcecode.swift; path = MoonshineStreamingSession.swift; sourceTree = "<group>"; };
		2177B807BD48BC2FFA77E338 /* LexiconSettingsSection.swift */ = {isa = PBXFileReference; lastKnownFileType = sourcecode.swift; path = LexiconSettingsSection.swift; sourceTree = "<group>"; };
		26A7AF1055CC2A35325E2AF1 /* PermissionStatusCard.swift */ = {isa = PBXFileReference; lastKnownFileType = sourcecode.swift; path = PermissionStatusCard.swift; sourceTree = "<group>"; };
		2817413F3EED5052DF0C4BCE /* MurmurKit */ = {isa = PBXFileReference; lastKnownFileType = folder; name = MurmurKit; path = MurmurKit; sourceTree = SOURCE_ROOT; };
		2BF6309BCDF40A43F0B6F346 /* RecordingSettingsSection.swift */ = {isa = PBXFileReference; lastKnownFileType = sourcecode.swift; path = RecordingSettingsSection.swift; sourceTree = "<group>"; };
		32E418D7A24E08C08491EF15 /* GeneralSettingsSection.swift */ = {isa = PBXFileReference; lastKnownFileType = sourcecode.swift; path = GeneralSettingsSection.swift; sourceTree = "<group>"; };
		3AC1F113D50660867E4D6AC1 /* MoonshineModelConfiguration.swift */ = {isa = PBXFileReference; lastKnownFileType = sourcecode.swift; path = MoonshineModelConfiguration.swift; sourceTree = "<group>"; };
		4E9DDB03CD07D68D28BB84FA /* InsertionSettingsSection.swift */ = {isa = PBXFileReference; lastKnownFileType = sourcecode.swift; path = InsertionSettingsSection.swift; sourceTree = "<group>"; };
		503BBC4DD5B21F5ECED685E0 /* AppPreferencesStore.swift */ = {isa = PBXFileReference; lastKnownFileType = sourcecode.swift; path = AppPreferencesStore.swift; sourceTree = "<group>"; };
		5FBD1FE5F80F062DB789E32A /* OnboardingView.swift */ = {isa = PBXFileReference; lastKnownFileType = sourcecode.swift; path = OnboardingView.swift; sourceTree = "<group>"; };
		6EFDC0E4D5D3AF58AF8A1B50 /* PermissionsSettingsSection.swift */ = {isa = PBXFileReference; lastKnownFileType = sourcecode.swift; path = PermissionsSettingsSection.swift; sourceTree = "<group>"; };
		705220A3846AC6270FEBBC24 /* Murmur.entitlements */ = {isa = PBXFileReference; lastKnownFileType = text.plist.entitlements; path = Murmur.entitlements; sourceTree = "<group>"; };
		76C673E1CF2425F674F77B93 /* DictationController.swift */ = {isa = PBXFileReference; lastKnownFileType = sourcecode.swift; path = DictationController.swift; sourceTree = "<group>"; };
		77DF238976E9724806EB9944 /* MicButton.swift */ = {isa = PBXFileReference; lastKnownFileType = sourcecode.swift; path = MicButton.swift; sourceTree = "<group>"; };
		7C25C864434435186E8C299D /* SettingsViewHelpers.swift */ = {isa = PBXFileReference; lastKnownFileType = sourcecode.swift; path = SettingsViewHelpers.swift; sourceTree = "<group>"; };
		817D56913A47A7C1B7F4E1AC /* RecordTab.swift */ = {isa = PBXFileReference; lastKnownFileType = sourcecode.swift; path = RecordTab.swift; sourceTree = "<group>"; };
		840AEE16DB41D6BB90B39A4F /* SnippetsSettingsSection.swift */ = {isa = PBXFileReference; lastKnownFileType = sourcecode.swift; path = SnippetsSettingsSection.swift; sourceTree = "<group>"; };
		85E835717ECB88AAACA6F533 /* MoonshineTranscriptionEngine.swift */ = {isa = PBXFileReference; lastKnownFileType = sourcecode.swift; path = MoonshineTranscriptionEngine.swift; sourceTree = "<group>"; };
		8E9C738EC5EC5D7742779E11 /* AppPreferences.swift */ = {isa = PBXFileReference; lastKnownFileType = sourcecode.swift; path = AppPreferences.swift; sourceTree = "<group>"; };
		90B0463C56380A87A3E1E1E3 /* EngineSettingsSection.swift */ = {isa = PBXFileReference; lastKnownFileType = sourcecode.swift; path = EngineSettingsSection.swift; sourceTree = "<group>"; };
		99486AEF2732F6BD0B3E78A2 /* SettingsView.swift */ = {isa = PBXFileReference; lastKnownFileType = sourcecode.swift; path = SettingsView.swift; sourceTree = "<group>"; };
		9F6709976D17515D5A759678 /* LaunchAtLoginService.swift */ = {isa = PBXFileReference; lastKnownFileType = sourcecode.swift; path = LaunchAtLoginService.swift; sourceTree = "<group>"; };
		BAE33980099CD1A9A7BA12CA /* PermissionDiagnostics.swift */ = {isa = PBXFileReference; lastKnownFileType = sourcecode.swift; path = PermissionDiagnostics.swift; sourceTree = "<group>"; };
		C21A0CDFB2E505B479A32C68 /* HistoryTab.swift */ = {isa = PBXFileReference; lastKnownFileType = sourcecode.swift; path = HistoryTab.swift; sourceTree = "<group>"; };
		C834EC374C4A986C47F46292 /* Murmur.app */ = {isa = PBXFileReference; explicitFileType = wrapper.application; includeInIndex = 0; path = Murmur.app; sourceTree = BUILT_PRODUCTS_DIR; };
		D1DD1C5DC5A3FC0F57117A2F /* MoonshineModelDownloader.swift */ = {isa = PBXFileReference; lastKnownFileType = sourcecode.swift; path = MoonshineModelDownloader.swift; sourceTree = "<group>"; };
		D27A12BC8571A95EEB82D9BA /* HistoryView.swift */ = {isa = PBXFileReference; lastKnownFileType = sourcecode.swift; path = HistoryView.swift; sourceTree = "<group>"; };
		E49B8BFD4899D49213E66351 /* ContentView.swift */ = {isa = PBXFileReference; lastKnownFileType = sourcecode.swift; path = ContentView.swift; sourceTree = "<group>"; };
		E83CDEC66946DDEA4016486C /* MenuBarController.swift */ = {isa = PBXFileReference; lastKnownFileType = sourcecode.swift; path = MenuBarController.swift; sourceTree = "<group>"; };
		ED35761EBF7EF881FA0E7BB9 /* MurmurApp.swift */ = {isa = PBXFileReference; lastKnownFileType = sourcecode.swift; path = MurmurApp.swift; sourceTree = "<group>"; };
		EF2DF3F8469ADD232637074D /* MediaSettingsSection.swift */ = {isa = PBXFileReference; lastKnownFileType = sourcecode.swift; path = MediaSettingsSection.swift; sourceTree = "<group>"; };
		F5E3CFF58F84067504E28FEE /* DesignSystem.swift */ = {isa = PBXFileReference; lastKnownFileType = sourcecode.swift; path = DesignSystem.swift; sourceTree = "<group>"; };
		FBA2244680F065F78F721DBB /* CleanupStyleSettingsSection.swift */ = {isa = PBXFileReference; lastKnownFileType = sourcecode.swift; path = CleanupStyleSettingsSection.swift; sourceTree = "<group>"; };
		FBF74434C602C47E5BAA6CED /* Assets.xcassets */ = {isa = PBXFileReference; lastKnownFileType = folder.assetcatalog; path = Assets.xcassets; sourceTree = "<group>"; };
/* End PBXFileReference section */

/* Begin PBXFrameworksBuildPhase section */
		D9FDE2E088591FE29B875987 /* Frameworks */ = {
			isa = PBXFrameworksBuildPhase;
			buildActionMask = 2147483647;
			files = (
				CCA6160297EC5A1677B8106D /* MurmurKit in Frameworks */,
				92E4016D915EA080EA0823A4 /* Moonshine in Frameworks */,
			);
			runOnlyForDeploymentPostprocessing = 0;
		};
/* End PBXFrameworksBuildPhase section */

/* Begin PBXGroup section */
		001444262D284F2CB5040E1E /* Products */ = {
			isa = PBXGroup;
			children = (
				C834EC374C4A986C47F46292 /* Murmur.app */,
			);
			name = Products;
			sourceTree = "<group>";
		};
		55AFDC8326A0474CEB29A9C9 = {
			isa = PBXGroup;
			children = (
				C069B21BE9D463290D39AC6C /* Murmur */,
				59F28B1FCF6287698AD0412D /* Packages */,
				001444262D284F2CB5040E1E /* Products */,
			);
			sourceTree = "<group>";
		};
		59F28B1FCF6287698AD0412D /* Packages */ = {
			isa = PBXGroup;
			children = (
				2817413F3EED5052DF0C4BCE /* MurmurKit */,
			);
			name = Packages;
			sourceTree = "<group>";
		};
		C069B21BE9D463290D39AC6C /* Murmur */ = {
			isa = PBXGroup;
			children = (
				8E9C738EC5EC5D7742779E11 /* AppPreferences.swift */,
				503BBC4DD5B21F5ECED685E0 /* AppPreferencesStore.swift */,
				FBF74434C602C47E5BAA6CED /* Assets.xcassets */,
				FBA2244680F065F78F721DBB /* CleanupStyleSettingsSection.swift */,
				E49B8BFD4899D49213E66351 /* ContentView.swift */,
				F5E3CFF58F84067504E28FEE /* DesignSystem.swift */,
				76C673E1CF2425F674F77B93 /* DictationController.swift */,
				90B0463C56380A87A3E1E1E3 /* EngineSettingsSection.swift */,
				32E418D7A24E08C08491EF15 /* GeneralSettingsSection.swift */,
				C21A0CDFB2E505B479A32C68 /* HistoryTab.swift */,
				D27A12BC8571A95EEB82D9BA /* HistoryView.swift */,
				4E9DDB03CD07D68D28BB84FA /* InsertionSettingsSection.swift */,
				9F6709976D17515D5A759678 /* LaunchAtLoginService.swift */,
				2177B807BD48BC2FFA77E338 /* LexiconSettingsSection.swift */,
				EF2DF3F8469ADD232637074D /* MediaSettingsSection.swift */,
				E83CDEC66946DDEA4016486C /* MenuBarController.swift */,
				77DF238976E9724806EB9944 /* MicButton.swift */,
				3AC1F113D50660867E4D6AC1 /* MoonshineModelConfiguration.swift */,
				D1DD1C5DC5A3FC0F57117A2F /* MoonshineModelDownloader.swift */,
				1EA04689123846117B5933D6 /* MoonshineStreamingSession.swift */,
				85E835717ECB88AAACA6F533 /* MoonshineTranscriptionEngine.swift */,
				705220A3846AC6270FEBBC24 /* Murmur.entitlements */,
				ED35761EBF7EF881FA0E7BB9 /* MurmurApp.swift */,
				5FBD1FE5F80F062DB789E32A /* OnboardingView.swift */,
				BAE33980099CD1A9A7BA12CA /* PermissionDiagnostics.swift */,
				6EFDC0E4D5D3AF58AF8A1B50 /* PermissionsSettingsSection.swift */,
				26A7AF1055CC2A35325E2AF1 /* PermissionStatusCard.swift */,
				2BF6309BCDF40A43F0B6F346 /* RecordingSettingsSection.swift */,
				817D56913A47A7C1B7F4E1AC /* RecordTab.swift */,
				99486AEF2732F6BD0B3E78A2 /* SettingsView.swift */,
				7C25C864434435186E8C299D /* SettingsViewHelpers.swift */,
				840AEE16DB41D6BB90B39A4F /* SnippetsSettingsSection.swift */,
			);
			path = Murmur;
			sourceTree = "<group>";
		};
/* End PBXGroup section */

/* Begin PBXNativeTarget section */
		42F900FA13D760CB89CF4141 /* Murmur */ = {
			isa = PBXNativeTarget;
			buildConfigurationList = EDB1F9ED9EE411689FF7A246 /* Build configuration list for PBXNativeTarget "Murmur" */;
			buildPhases = (
				55FA5046E9EFCAD54C9E8A85 /* Sources */,
				5D518C0DA7FA93F54066B380 /* Resources */,
				D9FDE2E088591FE29B875987 /* Frameworks */,
			);
			buildRules = (
			);
			dependencies = (
			);
			name = Murmur;
			packageProductDependencies = (
				7E5A870AA24834D2C5AF68DA /* MurmurKit */,
				984D0655095F89905E6C1958 /* Moonshine */,
			);
			productName = Murmur;
			productReference = C834EC374C4A986C47F46292 /* Murmur.app */;
			productType = "com.apple.product-type.application";
		};
/* End PBXNativeTarget section */

/* Begin PBXProject section */
		212C51E196E4C5F2E057C421 /* Project object */ = {
			isa = PBXProject;
			attributes = {
				BuildIndependentTargetsInParallel = YES;
				LastUpgradeCheck = 1430;
				TargetAttributes = {
					42F900FA13D760CB89CF4141 = {
						ProvisioningStyle = Automatic;
					};
				};
			};
			buildConfigurationList = 7BC53DFDF5746356F727BB31 /* Build configuration list for PBXProject "Murmur" */;
			compatibilityVersion = "Xcode 14.0";
			developmentRegion = en;
			hasScannedForEncodings = 0;
			knownRegions = (
				Base,
				en,
			);
			mainGroup = 55AFDC8326A0474CEB29A9C9;
			minimizedProjectReferenceProxies = 1;
			packageReferences = (
				3386F212FA9A5A0F512FD716 /* XCRemoteSwiftPackageReference "moonshine-swift" */,
				34DDD21ED7A130C4B690BBB8 /* XCLocalSwiftPackageReference "MurmurKit" */,
			);
			preferredProjectObjectVersion = 77;
			projectDirPath = "";
			projectRoot = "";
			targets = (
				42F900FA13D760CB89CF4141 /* Murmur */,
			);
		};
/* End PBXProject section */

/* Begin PBXResourcesBuildPhase section */
		5D518C0DA7FA93F54066B380 /* Resources */ = {
			isa = PBXResourcesBuildPhase;
			buildActionMask = 2147483647;
			files = (
				4F14AEC41A87ED2E2CDCBC3D /* Assets.xcassets in Resources */,
			);
			runOnlyForDeploymentPostprocessing = 0;
		};
/* End PBXResourcesBuildPhase section */

/* Begin PBXSourcesBuildPhase section */
		55FA5046E9EFCAD54C9E8A85 /* Sources */ = {
			isa = PBXSourcesBuildPhase;
			buildActionMask = 2147483647;
			files = (
				3D6A963644F74BD6FEBF12E6 /* AppPreferences.swift in Sources */,
				07C2BDC5F804560334745C92 /* AppPreferencesStore.swift in Sources */,
				DA1D400D4473F9F36F047E4D /* CleanupStyleSettingsSection.swift in Sources */,
				0709B9D315755E7B821D9759 /* ContentView.swift in Sources */,
				3954905D48D9694B5AD15CA1 /* DesignSystem.swift in Sources */,
				4CA3BA716E0C4157E57A3389 /* DictationController.swift in Sources */,
				81052E34ADEB26905192E8E8 /* EngineSettingsSection.swift in Sources */,
				245567B8CBC094F80F02B58F /* GeneralSettingsSection.swift in Sources */,
				FAB8E9D01585467FB11EF8C9 /* HistoryTab.swift in Sources */,
				BCB15D5D18379067E27BD080 /* HistoryView.swift in Sources */,
				666CED5D1B1BDC82D890868D /* InsertionSettingsSection.swift in Sources */,
				B06B10DCB1CE55AC401F2664 /* LaunchAtLoginService.swift in Sources */,
				264ECB25F8FA5A0DED8C9211 /* LexiconSettingsSection.swift in Sources */,
				5C98414E6167A3E1644D9675 /* MediaSettingsSection.swift in Sources */,
				36311BEA0ED488DD47320311 /* MenuBarController.swift in Sources */,
				A8AA1229E3C64BAE6ADDBF42 /* MicButton.swift in Sources */,
				AE880C230D5A0FEF2FEED91F /* MoonshineModelConfiguration.swift in Sources */,
				934DF3B64D737016D90FE8F1 /* MoonshineModelDownloader.swift in Sources */,
				EF2AA72A368000E949F08DF6 /* MoonshineStreamingSession.swift in Sources */,
				0DF6929B04472606F7C7EDDC /* MoonshineTranscriptionEngine.swift in Sources */,
				6DA49FB9CCA842FA4B2688C0 /* MurmurApp.swift in Sources */,
				F836AB23661F014B05BA9F2F /* OnboardingView.swift in Sources */,
				C21DEAD9149F34DA56C755C6 /* PermissionDiagnostics.swift in Sources */,
				9DE98C401B8D23CB83F68936 /* PermissionStatusCard.swift in Sources */,
				E9D7058B8E1546F375F1FE47 /* PermissionsSettingsSection.swift in Sources */,
				27493BD1853075D33A0CFFF3 /* RecordTab.swift in Sources */,
				7933EFA84D87FF272CD828FF /* RecordingSettingsSection.swift in Sources */,
				BC39EA47F353B7C2BB07F603 /* SettingsView.swift in Sources */,
				FBC13F384FE3B21264C7E63A /* SettingsViewHelpers.swift in Sources */,
				B9C1CC0845A48FBA9EDE519D /* SnippetsSettingsSection.swift in Sources */,
			);
			runOnlyForDeploymentPostprocessing = 0;
		};
/* End PBXSourcesBuildPhase section */

/* Begin XCBuildConfiguration section */
		355F4A46252484FA15A00B8B /* Debug */ = {
			isa = XCBuildConfiguration;
			buildSettings = {
				ASSETCATALOG_COMPILER_APPICON_NAME = AppIcon;
				CODE_SIGN_ENTITLEMENTS = Murmur/Murmur.entitlements;
				CODE_SIGN_IDENTITY = "Apple Development";
				CODE_SIGN_STYLE = Automatic;
				COMBINE_HIDPI_IMAGES = YES;
				GENERATE_INFOPLIST_FILE = YES;
				INFOPLIST_KEY_NSMicrophoneUsageDescription = "Murmur needs microphone access for dictation.";
				LD_RUNPATH_SEARCH_PATHS = (
					"$(inherited)",
					"@executable_path/../Frameworks",
				);
				PRODUCT_BUNDLE_IDENTIFIER = io.murmurapp.murmur;
				SDKROOT = macosx;
				SWIFT_VERSION = 6.0;
			};
			name = Debug;
		};
		780199B9044B5F76C0A845AC /* Release */ = {
			isa = XCBuildConfiguration;
			buildSettings = {
				ASSETCATALOG_COMPILER_APPICON_NAME = AppIcon;
				CODE_SIGN_ENTITLEMENTS = Murmur/Murmur.entitlements;
				CODE_SIGN_IDENTITY = "Apple Development";
				CODE_SIGN_STYLE = Automatic;
				COMBINE_HIDPI_IMAGES = YES;
				ENABLE_HARDENED_RUNTIME = YES;
				GENERATE_INFOPLIST_FILE = YES;
				INFOPLIST_KEY_NSMicrophoneUsageDescription = "Murmur needs microphone access for dictation.";
				LD_RUNPATH_SEARCH_PATHS = (
					"$(inherited)",
					"@executable_path/../Frameworks",
				);
				PRODUCT_BUNDLE_IDENTIFIER = io.murmurapp.murmur;
				SDKROOT = macosx;
				SWIFT_VERSION = 6.0;
			};
			name = Release;
		};
		9191DF2C32DAEF5A429C8A63 /* Release */ = {
			isa = XCBuildConfiguration;
			buildSettings = {
				ALWAYS_SEARCH_USER_PATHS = NO;
				CLANG_ANALYZER_NONNULL = YES;
				CLANG_ANALYZER_NUMBER_OBJECT_CONVERSION = YES_AGGRESSIVE;
				CLANG_CXX_LANGUAGE_STANDARD = "gnu++14";
				CLANG_CXX_LIBRARY = "libc++";
				CLANG_ENABLE_MODULES = YES;
				CLANG_ENABLE_OBJC_ARC = YES;
				CLANG_ENABLE_OBJC_WEAK = YES;
				CLANG_WARN_BLOCK_CAPTURE_AUTORELEASING = YES;
				CLANG_WARN_BOOL_CONVERSION = YES;
				CLANG_WARN_COMMA = YES;
				CLANG_WARN_CONSTANT_CONVERSION = YES;
				CLANG_WARN_DEPRECATED_OBJC_IMPLEMENTATIONS = YES;
				CLANG_WARN_DIRECT_OBJC_ISA_USAGE = YES_ERROR;
				CLANG_WARN_DOCUMENTATION_COMMENTS = YES;
				CLANG_WARN_EMPTY_BODY = YES;
				CLANG_WARN_ENUM_CONVERSION = YES;
				CLANG_WARN_INFINITE_RECURSION = YES;
				CLANG_WARN_INT_CONVERSION = YES;
				CLANG_WARN_NON_LITERAL_NULL_CONVERSION = YES;
				CLANG_WARN_OBJC_IMPLICIT_RETAIN_SELF = YES;
				CLANG_WARN_OBJC_LITERAL_CONVERSION = YES;
				CLANG_WARN_OBJC_ROOT_CLASS = YES_ERROR;
				CLANG_WARN_QUOTED_INCLUDE_IN_FRAMEWORK_HEADER = YES;
				CLANG_WARN_RANGE_LOOP_ANALYSIS = YES;
				CLANG_WARN_STRICT_PROTOTYPES = YES;
				CLANG_WARN_SUSPICIOUS_MOVE = YES;
				CLANG_WARN_UNGUARDED_AVAILABILITY = YES_AGGRESSIVE;
				CLANG_WARN_UNREACHABLE_CODE = YES;
				CLANG_WARN__DUPLICATE_METHOD_MATCH = YES;
				COPY_PHASE_STRIP = NO;
				DEBUG_INFORMATION_FORMAT = "dwarf-with-dsym";
				ENABLE_NS_ASSERTIONS = NO;
				ENABLE_STRICT_OBJC_MSGSEND = YES;
				GCC_C_LANGUAGE_STANDARD = gnu11;
				GCC_NO_COMMON_BLOCKS = YES;
				GCC_WARN_64_TO_32_BIT_CONVERSION = YES;
				GCC_WARN_ABOUT_RETURN_TYPE = YES_ERROR;
				GCC_WARN_UNDECLARED_SELECTOR = YES;
				GCC_WARN_UNINITIALIZED_AUTOS = YES_AGGRESSIVE;
				GCC_WARN_UNUSED_FUNCTION = YES;
				GCC_WARN_UNUSED_VARIABLE = YES;
				MACOSX_DEPLOYMENT_TARGET = 13.0;
				MTL_ENABLE_DEBUG_INFO = NO;
				MTL_FAST_MATH = YES;
				PRODUCT_NAME = "$(TARGET_NAME)";
				SDKROOT = macosx;
				SWIFT_COMPILATION_MODE = wholemodule;
				SWIFT_OPTIMIZATION_LEVEL = "-O";
				SWIFT_VERSION = 5.0;
			};
			name = Release;
		};
		CD9AB829B5233A7B770568EE /* Debug */ = {
			isa = XCBuildConfiguration;
			buildSettings = {
				ALWAYS_SEARCH_USER_PATHS = NO;
				CLANG_ANALYZER_NONNULL = YES;
				CLANG_ANALYZER_NUMBER_OBJECT_CONVERSION = YES_AGGRESSIVE;
				CLANG_CXX_LANGUAGE_STANDARD = "gnu++14";
				CLANG_CXX_LIBRARY = "libc++";
				CLANG_ENABLE_MODULES = YES;
				CLANG_ENABLE_OBJC_ARC = YES;
				CLANG_ENABLE_OBJC_WEAK = YES;
				CLANG_WARN_BLOCK_CAPTURE_AUTORELEASING = YES;
				CLANG_WARN_BOOL_CONVERSION = YES;
				CLANG_WARN_COMMA = YES;
				CLANG_WARN_CONSTANT_CONVERSION = YES;
				CLANG_WARN_DEPRECATED_OBJC_IMPLEMENTATIONS = YES;
				CLANG_WARN_DIRECT_OBJC_ISA_USAGE = YES_ERROR;
				CLANG_WARN_DOCUMENTATION_COMMENTS = YES;
				CLANG_WARN_EMPTY_BODY = YES;
				CLANG_WARN_ENUM_CONVERSION = YES;
				CLANG_WARN_INFINITE_RECURSION = YES;
				CLANG_WARN_INT_CONVERSION = YES;
				CLANG_WARN_NON_LITERAL_NULL_CONVERSION = YES;
				CLANG_WARN_OBJC_IMPLICIT_RETAIN_SELF = YES;
				CLANG_WARN_OBJC_LITERAL_CONVERSION = YES;
				CLANG_WARN_OBJC_ROOT_CLASS = YES_ERROR;
				CLANG_WARN_QUOTED_INCLUDE_IN_FRAMEWORK_HEADER = YES;
				CLANG_WARN_RANGE_LOOP_ANALYSIS = YES;
				CLANG_WARN_STRICT_PROTOTYPES = YES;
				CLANG_WARN_SUSPICIOUS_MOVE = YES;
				CLANG_WARN_UNGUARDED_AVAILABILITY = YES_AGGRESSIVE;
				CLANG_WARN_UNREACHABLE_CODE = YES;
				CLANG_WARN__DUPLICATE_METHOD_MATCH = YES;
				COPY_PHASE_STRIP = NO;
				DEBUG_INFORMATION_FORMAT = dwarf;
				ENABLE_STRICT_OBJC_MSGSEND = YES;
				ENABLE_TESTABILITY = YES;
				GCC_C_LANGUAGE_STANDARD = gnu11;
				GCC_DYNAMIC_NO_PIC = NO;
				GCC_NO_COMMON_BLOCKS = YES;
				GCC_OPTIMIZATION_LEVEL = 0;
				GCC_PREPROCESSOR_DEFINITIONS = (
					"$(inherited)",
					"DEBUG=1",
				);
				GCC_WARN_64_TO_32_BIT_CONVERSION = YES;
				GCC_WARN_ABOUT_RETURN_TYPE = YES_ERROR;
				GCC_WARN_UNDECLARED_SELECTOR = YES;
				GCC_WARN_UNINITIALIZED_AUTOS = YES_AGGRESSIVE;
				GCC_WARN_UNUSED_FUNCTION = YES;
				GCC_WARN_UNUSED_VARIABLE = YES;
				MACOSX_DEPLOYMENT_TARGET = 13.0;
				MTL_ENABLE_DEBUG_INFO = INCLUDE_SOURCE;
				MTL_FAST_MATH = YES;
				ONLY_ACTIVE_ARCH = YES;
				PRODUCT_NAME = "$(TARGET_NAME)";
				SDKROOT = macosx;
				SWIFT_ACTIVE_COMPILATION_CONDITIONS = DEBUG;
				SWIFT_OPTIMIZATION_LEVEL = "-Onone";
				SWIFT_VERSION = 5.0;
			};
			name = Debug;
		};
/* End XCBuildConfiguration section */

/* Begin XCConfigurationList section */
		7BC53DFDF5746356F727BB31 /* Build configuration list for PBXProject "Murmur" */ = {
			isa = XCConfigurationList;
			buildConfigurations = (
				CD9AB829B5233A7B770568EE /* Debug */,
				9191DF2C32DAEF5A429C8A63 /* Release */,
			);
			defaultConfigurationIsVisible = 0;
			defaultConfigurationName = Debug;
		};
		EDB1F9ED9EE411689FF7A246 /* Build configuration list for PBXNativeTarget "Murmur" */ = {
			isa = XCConfigurationList;
			buildConfigurations = (
				355F4A46252484FA15A00B8B /* Debug */,
				780199B9044B5F76C0A845AC /* Release */,
			);
			defaultConfigurationIsVisible = 0;
			defaultConfigurationName = Debug;
		};
/* End XCConfigurationList section */

/* Begin XCLocalSwiftPackageReference section */
		34DDD21ED7A130C4B690BBB8 /* XCLocalSwiftPackageReference "MurmurKit" */ = {
			isa = XCLocalSwiftPackageReference;
			relativePath = MurmurKit;
		};
/* End XCLocalSwiftPackageReference section */

/* Begin XCRemoteSwiftPackageReference section */
		3386F212FA9A5A0F512FD716 /* XCRemoteSwiftPackageReference "moonshine-swift" */ = {
			isa = XCRemoteSwiftPackageReference;
			repositoryURL = "https://github.com/moonshine-ai/moonshine-swift.git";
			requirement = {
				kind = upToNextMajorVersion;
				minimumVersion = 0.0.49;
			};
		};
/* End XCRemoteSwiftPackageReference section */

/* Begin XCSwiftPackageProductDependency section */
		7E5A870AA24834D2C5AF68DA /* MurmurKit */ = {
			isa = XCSwiftPackageProductDependency;
			productName = MurmurKit;
		};
		984D0655095F89905E6C1958 /* Moonshine */ = {
			isa = XCSwiftPackageProductDependency;
			package = 3386F212FA9A5A0F512FD716 /* XCRemoteSwiftPackageReference "moonshine-swift" */;
			productName = Moonshine;
		};
/* End XCSwiftPackageProductDependency section */
	};
	rootObject = 212C51E196E4C5F2E057C421 /* Project object */;
}
