{
  "originHash" : "8adc83cea8fd80b5589f7d5e4de1f645ed676e51909eb9917d219ab9ef6fa68e",
  "pins" : [
    {
      "identity" : "moonshine-swift",
      "kind" : "remoteSourceControl",
      "location" : "https://github.com/moonshine-ai/moonshine-swift.git",
      "state" : {
        "revision" : "1b99ab3a0c981bf8b761d519e3f638fb820a5490",
        "version" : "0.0.49"
      }
    }
  ],
  "version" : 3
}
